
Microsoft Visual Studio Solution File, Format Version 10.00
# Visual Studio 2008
Project("{FAE04EC0-301F-11D3-BF4B-00C04F79EFBC}") = "DSO_Economic", "DSO_Economic\DSO_Economic.csproj", "{DB28F800-A283-407F-988B-DDD58FF627CA}"
EndProject
Global
	GlobalSection(SolutionConfigurationPlatforms) = preSolution
		Debug|Any CPU = Debug|Any CPU
		Release|Any CPU = Release|Any CPU
	EndGlobalSection
	GlobalSection(ProjectConfigurationPlatforms) = postSolution
		{DB28F800-A283-407F-988B-DDD58FF627CA}.Debug|Any CPU.ActiveCfg = Debug|Any CPU
		{DB28F800-A283-407F-988B-DDD58FF627CA}.Debug|Any CPU.Build.0 = Debug|Any CPU
		{DB28F800-A283-407F-988B-DDD58FF627CA}.Release|Any CPU.ActiveCfg = Release|Any CPU
		{DB28F800-A283-407F-988B-DDD58FF627CA}.Release|Any CPU.Build.0 = Release|Any CPU
	EndGlobalSection
	GlobalSection(SolutionProperties) = preSolution
		HideSolutionNode = FALSE
	EndGlobalSection
EndGlobal
